<?xml version="1.0" encoding="utf-8"?>
<Project ToolsVersion="4.0" xmlns="http://schemas.microsoft.com/developer/msbuild/2003">
  <ItemGroup>
    <Filter Include="源文件">
      <UniqueIdentifier>{4FC737F1-C7A5-4376-A066-2A32D752A2FF}</UniqueIdentifier>
      <Extensions>cpp;c;cc;cxx;def;odl;idl;hpj;bat;asm;asmx</Extensions>
    </Filter>
    <Filter Include="头文件">
      <UniqueIdentifier>{93995380-89BD-4b04-88EB-625FBE52EBFB}</UniqueIdentifier>
      <Extensions>h;hh;hpp;hxx;hm;inl;inc;xsd</Extensions>
    </Filter>
    <Filter Include="源文件\ambisonic">
      <UniqueIdentifier>{ad1ed644-b012-457e-b6da-b4fdd38385cf}</UniqueIdentifier>
    </Filter>
    <Filter Include="源文件\ambisonic\hxvxfromxxxx">
      <UniqueIdentifier>{3a251ac1-ac68-45ad-a3be-4a5e730f09da}</UniqueIdentifier>
    </Filter>
    <Filter Include="源文件\ans">
      <UniqueIdentifier>{cb4f5c75-083a-4e99-9962-5dd8078e6f1e}</UniqueIdentifier>
    </Filter>
    <Filter Include="源文件\api">
      <UniqueIdentifier>{6aa84447-32bc-441a-9add-d1d8789b35c5}</UniqueIdentifier>
    </Filter>
    <Filter Include="源文件\binaural">
      <UniqueIdentifier>{43f47fdd-a8e6-458e-a1a3-4ee669e560be}</UniqueIdentifier>
    </Filter>
    <Filter Include="源文件\core">
      <UniqueIdentifier>{4b18d8ca-8d9f-4577-9726-6201350cc9a3}</UniqueIdentifier>
    </Filter>
    <Filter Include="源文件\doa">
      <UniqueIdentifier>{ed9ffe0a-2a96-4d8c-b12e-9560292e78c0}</UniqueIdentifier>
    </Filter>
    <Filter Include="源文件\dynamicrangecontrol">
      <UniqueIdentifier>{ea37b6df-d601-4bf1-a813-2f36417e4095}</UniqueIdentifier>
    </Filter>
    <Filter Include="源文件\equalizer">
      <UniqueIdentifier>{99c40d9a-9b47-41da-8335-9a70460034a4}</UniqueIdentifier>
    </Filter>
    <Filter Include="源文件\fft">
      <UniqueIdentifier>{12a625dc-415b-48f3-8992-be708df8ec3d}</UniqueIdentifier>
    </Filter>
    <Filter Include="源文件\resample">
      <UniqueIdentifier>{38b88182-2d70-47e0-b509-e131b700fe84}</UniqueIdentifier>
    </Filter>
    <Filter Include="源文件\upmix51">
      <UniqueIdentifier>{df83d56a-6103-456a-a4f9-db136ac2ba36}</UniqueIdentifier>
    </Filter>
    <Filter Include="源文件\utils">
      <UniqueIdentifier>{13f6f3b8-398c-482e-aa39-7548503e5b04}</UniqueIdentifier>
    </Filter>
    <Filter Include="源文件\sn3d">
      <UniqueIdentifier>{3e27903f-b9f8-4e3d-a863-ee5b7a659fd9}</UniqueIdentifier>
    </Filter>
    <Filter Include="源文件\aec">
      <UniqueIdentifier>{042a7f91-fb0f-46df-a5b3-5548494cd933}</UniqueIdentifier>
    </Filter>
    <Filter Include="源文件\vad">
      <UniqueIdentifier>{abefe6b1-285c-429e-8c43-4112dfbfeb37}</UniqueIdentifier>
    </Filter>
    <Filter Include="源文件\automaticgaincontrol">
      <UniqueIdentifier>{081f8bf6-efd5-47c5-a794-bf8653d28165}</UniqueIdentifier>
    </Filter>
    <Filter Include="源文件\bss">
      <UniqueIdentifier>{d4d6e517-a482-4ec0-8529-fef302214d72}</UniqueIdentifier>
    </Filter>
    <Filter Include="源文件\stereo">
      <UniqueIdentifier>{fd1b9af2-5379-4384-a147-ef7a23c3a52e}</UniqueIdentifier>
    </Filter>
  </ItemGroup>
  <ItemGroup>
    <ClCompile Include="..\..\src\ambisonic\ambisonic.cpp">
      <Filter>源文件\ambisonic</Filter>
    </ClCompile>
    <ClCompile Include="..\..\src\ambisonic\hxvxfromxxxx\h1v1fromobject.cpp">
      <Filter>源文件\ambisonic\hxvxfromxxxx</Filter>
    </ClCompile>
    <ClCompile Include="..\..\src\ambisonic\hxvxfromxxxx\h1v1fromwyzx.cpp">
      <Filter>源文件\ambisonic\hxvxfromxxxx</Filter>
    </ClCompile>
    <ClCompile Include="..\..\src\ambisonic\hxvxfromxxxx\hxvxfromxxxx.cpp">
      <Filter>源文件\ambisonic\hxvxfromxxxx</Filter>
    </ClCompile>
    <ClCompile Include="..\..\src\ans\ans.cpp">
      <Filter>源文件\ans</Filter>
    </ClCompile>
    <ClCompile Include="..\..\src\binaural\binaural.cpp">
      <Filter>源文件\binaural</Filter>
    </ClCompile>
    <ClCompile Include="..\..\src\core\core.cpp">
      <Filter>源文件\core</Filter>
    </ClCompile>
    <ClCompile Include="..\..\src\dynamicrangecontrol\dynamicRangeControl.cpp">
      <Filter>源文件\dynamicrangecontrol</Filter>
    </ClCompile>
    <ClCompile Include="..\..\src\equalizer\equalizer.cpp">
      <Filter>源文件\equalizer</Filter>
    </ClCompile>
    <ClCompile Include="..\..\src\fft\realFFT.cpp">
      <Filter>源文件\fft</Filter>
    </ClCompile>
    <ClCompile Include="..\..\src\resample\resample.cpp">
      <Filter>源文件\resample</Filter>
    </ClCompile>
    <ClCompile Include="..\..\src\upmix51\upmix51.cpp">
      <Filter>源文件\upmix51</Filter>
    </ClCompile>
    <ClCompile Include="..\..\src\sn3d\sn3d.cpp">
      <Filter>源文件\sn3d</Filter>
    </ClCompile>
    <ClCompile Include="..\..\src\ans\beamforming.cpp">
      <Filter>源文件\ans</Filter>
    </ClCompile>
    <ClCompile Include="..\..\src\aec\aec.cpp">
      <Filter>源文件\aec</Filter>
    </ClCompile>
    <ClCompile Include="..\..\src\aec\res.cpp">
      <Filter>源文件\aec</Filter>
    </ClCompile>
    <ClCompile Include="..\..\src\doa\localizer.cpp">
      <Filter>源文件\doa</Filter>
    </ClCompile>
    <ClCompile Include="..\..\src\api\TwirlingCapture.cpp">
      <Filter>源文件\api</Filter>
    </ClCompile>
    <ClCompile Include="..\..\src\vad\vad.cpp">
      <Filter>源文件\vad</Filter>
    </ClCompile>
    <ClCompile Include="..\..\src\core\micarray_core.cpp">
      <Filter>源文件\core</Filter>
    </ClCompile>
    <ClCompile Include="..\..\src\automaticgaincontrol\automaticGainControl.cpp">
      <Filter>源文件\automaticgaincontrol</Filter>
    </ClCompile>
    <ClCompile Include="..\..\src\ans\inverse.cpp">
      <Filter>源文件\ans</Filter>
    </ClCompile>
    <ClCompile Include="..\..\src\bss\bss.cpp">
      <Filter>源文件\bss</Filter>
    </ClCompile>
    <ClCompile Include="..\..\src\stereo\stereo.cpp">
      <Filter>源文件\stereo</Filter>
    </ClCompile>
  </ItemGroup>
  <ItemGroup>
    <ClInclude Include="..\..\src\ambisonic\ambisonic.h">
      <Filter>源文件\ambisonic</Filter>
    </ClInclude>
    <ClInclude Include="..\..\src\ambisonic\ambisonicData.h">
      <Filter>源文件\ambisonic</Filter>
    </ClInclude>
    <ClInclude Include="..\..\src\ambisonic\ambisonicDef.h">
      <Filter>源文件\ambisonic</Filter>
    </ClInclude>
    <ClInclude Include="..\..\src\ambisonic\hxvxfromxxxx\h1v1fromobject.h">
      <Filter>源文件\ambisonic\hxvxfromxxxx</Filter>
    </ClInclude>
    <ClInclude Include="..\..\src\ambisonic\hxvxfromxxxx\h1v1fromwyzx.h">
      <Filter>源文件\ambisonic\hxvxfromxxxx</Filter>
    </ClInclude>
    <ClInclude Include="..\..\src\ambisonic\hxvxfromxxxx\hxvxfromxxxx.h">
      <Filter>源文件\ambisonic\hxvxfromxxxx</Filter>
    </ClInclude>
    <ClInclude Include="..\..\src\ans\ans.h">
      <Filter>源文件\ans</Filter>
    </ClInclude>
    <ClInclude Include="..\..\src\binaural\binaural.h">
      <Filter>源文件\binaural</Filter>
    </ClInclude>
    <ClInclude Include="..\..\src\core\core.h">
      <Filter>源文件\core</Filter>
    </ClInclude>
    <ClInclude Include="..\..\src\core\def.h">
      <Filter>源文件\core</Filter>
    </ClInclude>
    <ClInclude Include="..\..\src\dynamicrangecontrol\dynamicRangeControl.h">
      <Filter>源文件\dynamicrangecontrol</Filter>
    </ClInclude>
    <ClInclude Include="..\..\src\equalizer\equalizer.h">
      <Filter>源文件\equalizer</Filter>
    </ClInclude>
    <ClInclude Include="..\..\src\fft\realFFT.h">
      <Filter>源文件\fft</Filter>
    </ClInclude>
    <ClInclude Include="..\..\src\resample\resample.h">
      <Filter>源文件\resample</Filter>
    </ClInclude>
    <ClInclude Include="..\..\src\upmix51\upmix51.h">
      <Filter>源文件\upmix51</Filter>
    </ClInclude>
    <ClInclude Include="..\..\src\utils\cond.h">
      <Filter>源文件\utils</Filter>
    </ClInclude>
    <ClInclude Include="resource.h">
      <Filter>头文件</Filter>
    </ClInclude>
    <ClInclude Include="..\..\src\sn3d\sn3d.h">
      <Filter>源文件\sn3d</Filter>
    </ClInclude>
    <ClInclude Include="..\..\src\ans\beamforming.h">
      <Filter>源文件\ans</Filter>
    </ClInclude>
    <ClInclude Include="..\..\src\aec\aec.h">
      <Filter>源文件\aec</Filter>
    </ClInclude>
    <ClInclude Include="..\..\src\aec\aecDefine.h">
      <Filter>源文件\aec</Filter>
    </ClInclude>
    <ClInclude Include="..\..\src\aec\commonDefine.h">
      <Filter>源文件\aec</Filter>
    </ClInclude>
    <ClInclude Include="..\..\src\aec\res.h">
      <Filter>源文件\aec</Filter>
    </ClInclude>
    <ClInclude Include="..\..\src\aec\resDefine.h">
      <Filter>源文件\aec</Filter>
    </ClInclude>
    <ClInclude Include="..\..\src\doa\localizer.h">
      <Filter>源文件\doa</Filter>
    </ClInclude>
    <ClInclude Include="..\..\src\api\TwirlingCapture.h">
      <Filter>源文件\api</Filter>
    </ClInclude>
    <ClInclude Include="..\..\src\vad\vad.h">
      <Filter>源文件\vad</Filter>
    </ClInclude>
    <ClInclude Include="..\..\src\vad\vadDefines.h">
      <Filter>源文件\vad</Filter>
    </ClInclude>
    <ClInclude Include="..\..\src\ans\beamforming_table.h">
      <Filter>源文件\ans</Filter>
    </ClInclude>
    <ClInclude Include="..\..\src\core\micarray_core.h">
      <Filter>源文件\core</Filter>
    </ClInclude>
    <ClInclude Include="..\..\src\automaticgaincontrol\agcDefines.h">
      <Filter>源文件\automaticgaincontrol</Filter>
    </ClInclude>
    <ClInclude Include="..\..\src\automaticgaincontrol\automaticGainControl.h">
      <Filter>源文件\automaticgaincontrol</Filter>
    </ClInclude>
    <ClInclude Include="..\..\src\ans\beamforming_table_Respeaker.h">
      <Filter>源文件\ans</Filter>
    </ClInclude>
    <ClInclude Include="..\..\src\ans\inverse.h">
      <Filter>源文件\ans</Filter>
    </ClInclude>
    <ClInclude Include="..\..\src\bss\bssdefines.h">
      <Filter>源文件\bss</Filter>
    </ClInclude>
    <ClInclude Include="..\..\src\bss\bss.h">
      <Filter>源文件\bss</Filter>
    </ClInclude>
    <ClInclude Include="..\..\src\stereo\stereo.h">
      <Filter>源文件\stereo</Filter>
    </ClInclude>
  </ItemGroup>
  <ItemGroup>
    <ResourceCompile Include="TwirlingAudioEngine.rc" />
  </ItemGroup>
</Project>