<?xml version="1.0" encoding="utf-8"?>
<Project ToolsVersion="4.0" xmlns="http://schemas.microsoft.com/developer/msbuild/2003">
  <ItemGroup>
    <Filter Include="Source Files">
      <UniqueIdentifier>{4FC737F1-C7A5-4376-A066-2A32D752A2FF}</UniqueIdentifier>
      <Extensions>cpp;c;cc;cxx;def;odl;idl;hpj;bat;asm;asmx</Extensions>
    </Filter>
    <Filter Include="Header Files">
      <UniqueIdentifier>{93995380-89BD-4b04-88EB-625FBE52EBFB}</UniqueIdentifier>
      <Extensions>h;hh;hpp;hxx;hm;inl;inc;xsd</Extensions>
    </Filter>
    <Filter Include="Resource Files">
      <UniqueIdentifier>{67DA6AB6-F800-4c08-8B7A-83BB121AAD01}</UniqueIdentifier>
      <Extensions>rc;ico;cur;bmp;dlg;rc2;rct;bin;rgs;gif;jpg;jpeg;jpe;resx;tiff;tif;png;wav;mfcribbon-ms</Extensions>
    </Filter>
    <Filter Include="Source Files\ambisonic">
      <UniqueIdentifier>{c384f912-0e6f-4618-8601-28bee0613055}</UniqueIdentifier>
    </Filter>
    <Filter Include="Source Files\ambisonic\hxvxfromxxxx">
      <UniqueIdentifier>{80f062df-ef6d-4f65-8f04-2bf9710d3a2f}</UniqueIdentifier>
    </Filter>
    <Filter Include="Source Files\ans">
      <UniqueIdentifier>{25cd9d53-11b7-4e72-a564-9f63fece25a9}</UniqueIdentifier>
    </Filter>
    <Filter Include="Source Files\api">
      <UniqueIdentifier>{e6999d53-0429-4370-8513-bf1ea59cfa72}</UniqueIdentifier>
    </Filter>
    <Filter Include="Source Files\binaural">
      <UniqueIdentifier>{e9955442-22f3-4b63-9801-1f16e2225dcf}</UniqueIdentifier>
    </Filter>
    <Filter Include="Source Files\core">
      <UniqueIdentifier>{f0f0b085-5a50-4c3c-a2d1-471f89e4b02e}</UniqueIdentifier>
    </Filter>
    <Filter Include="Source Files\doa">
      <UniqueIdentifier>{4037ed80-f8c6-466f-bc88-85a506fd41d1}</UniqueIdentifier>
    </Filter>
    <Filter Include="Source Files\dynamicrangecontrol">
      <UniqueIdentifier>{8628047c-5129-43cc-a4c8-31a75f16169c}</UniqueIdentifier>
    </Filter>
    <Filter Include="Source Files\equalizer">
      <UniqueIdentifier>{76e0e6e1-5a9f-4cdc-82e2-59d7587567d7}</UniqueIdentifier>
    </Filter>
    <Filter Include="Source Files\fft">
      <UniqueIdentifier>{43313114-0cf1-4656-a668-447eadf8d885}</UniqueIdentifier>
    </Filter>
    <Filter Include="Source Files\resample">
      <UniqueIdentifier>{5b8c6891-1ddf-4003-a607-36cc0c943aef}</UniqueIdentifier>
    </Filter>
    <Filter Include="Source Files\upmix51">
      <UniqueIdentifier>{80a1256d-dc33-4f86-8f09-0d339245ded0}</UniqueIdentifier>
    </Filter>
    <Filter Include="Source Files\utils">
      <UniqueIdentifier>{e8bfa144-c4c3-4bb1-9e93-ce2706330c12}</UniqueIdentifier>
    </Filter>
    <Filter Include="Source Files\sn3d">
      <UniqueIdentifier>{2b057077-06b8-4606-a5a0-ab78316d01a6}</UniqueIdentifier>
    </Filter>
  </ItemGroup>
  <ItemGroup>
    <Text Include="ReadMe.txt" />
  </ItemGroup>
  <ItemGroup>
    <ClCompile Include="..\..\src\ambisonic\ambisonic.cpp">
      <Filter>Source Files\ambisonic</Filter>
    </ClCompile>
    <ClCompile Include="..\..\src\ambisonic\hxvxfromxxxx\h1v1fromobject.cpp">
      <Filter>Source Files\ambisonic\hxvxfromxxxx</Filter>
    </ClCompile>
    <ClCompile Include="..\..\src\ambisonic\hxvxfromxxxx\h1v1fromwyzx.cpp">
      <Filter>Source Files\ambisonic\hxvxfromxxxx</Filter>
    </ClCompile>
    <ClCompile Include="..\..\src\ambisonic\hxvxfromxxxx\hxvxfromxxxx.cpp">
      <Filter>Source Files\ambisonic\hxvxfromxxxx</Filter>
    </ClCompile>
    <ClCompile Include="..\..\src\ans\ans.cpp">
      <Filter>Source Files\ans</Filter>
    </ClCompile>
    <ClCompile Include="..\..\src\binaural\binaural.cpp">
      <Filter>Source Files\binaural</Filter>
    </ClCompile>
    <ClCompile Include="..\..\src\core\core.cpp">
      <Filter>Source Files\core</Filter>
    </ClCompile>
    <ClCompile Include="..\..\src\doa\Doa.cpp">
      <Filter>Source Files\doa</Filter>
    </ClCompile>
    <ClCompile Include="..\..\src\doa\ssyev.cpp">
      <Filter>Source Files\doa</Filter>
    </ClCompile>
    <ClCompile Include="..\..\src\dynamicrangecontrol\dynamicRangeControl.cpp">
      <Filter>Source Files\dynamicrangecontrol</Filter>
    </ClCompile>
    <ClCompile Include="..\..\src\equalizer\equalizer.cpp">
      <Filter>Source Files\equalizer</Filter>
    </ClCompile>
    <ClCompile Include="..\..\src\fft\realFFT.cpp">
      <Filter>Source Files\fft</Filter>
    </ClCompile>
    <ClCompile Include="..\..\src\resample\resample.cpp">
      <Filter>Source Files\resample</Filter>
    </ClCompile>
    <ClCompile Include="..\..\src\upmix51\upmix51.cpp">
      <Filter>Source Files\upmix51</Filter>
    </ClCompile>
    <ClCompile Include="..\..\src\sn3d\sn3d.cpp">
      <Filter>Source Files\sn3d</Filter>
    </ClCompile>
    <ClCompile Include="..\..\src\api\CaptureApi.cpp">
      <Filter>Source Files\api</Filter>
    </ClCompile>
  </ItemGroup>
  <ItemGroup>
    <ClInclude Include="..\..\src\ambisonic\ambisonic.h">
      <Filter>Source Files\ambisonic</Filter>
    </ClInclude>
    <ClInclude Include="..\..\src\ambisonic\ambisonicData.h">
      <Filter>Source Files\ambisonic</Filter>
    </ClInclude>
    <ClInclude Include="..\..\src\ambisonic\ambisonicDef.h">
      <Filter>Source Files\ambisonic</Filter>
    </ClInclude>
    <ClInclude Include="..\..\src\ambisonic\hxvxfromxxxx\h1v1fromobject.h">
      <Filter>Source Files\ambisonic\hxvxfromxxxx</Filter>
    </ClInclude>
    <ClInclude Include="..\..\src\ambisonic\hxvxfromxxxx\h1v1fromwyzx.h">
      <Filter>Source Files\ambisonic\hxvxfromxxxx</Filter>
    </ClInclude>
    <ClInclude Include="..\..\src\ambisonic\hxvxfromxxxx\hxvxfromxxxx.h">
      <Filter>Source Files\ambisonic\hxvxfromxxxx</Filter>
    </ClInclude>
    <ClInclude Include="..\..\src\ans\ans.h">
      <Filter>Source Files\ans</Filter>
    </ClInclude>
    <ClInclude Include="..\..\src\binaural\binaural.h">
      <Filter>Source Files\binaural</Filter>
    </ClInclude>
    <ClInclude Include="..\..\src\core\core.h">
      <Filter>Source Files\core</Filter>
    </ClInclude>
    <ClInclude Include="..\..\src\core\def.h">
      <Filter>Source Files\core</Filter>
    </ClInclude>
    <ClInclude Include="..\..\src\doa\Doa.h">
      <Filter>Source Files\doa</Filter>
    </ClInclude>
    <ClInclude Include="..\..\src\doa\ssyev.h">
      <Filter>Source Files\doa</Filter>
    </ClInclude>
    <ClInclude Include="..\..\src\dynamicrangecontrol\dynamicRangeControl.h">
      <Filter>Source Files\dynamicrangecontrol</Filter>
    </ClInclude>
    <ClInclude Include="..\..\src\equalizer\equalizer.h">
      <Filter>Source Files\equalizer</Filter>
    </ClInclude>
    <ClInclude Include="..\..\src\fft\realFFT.h">
      <Filter>Source Files\fft</Filter>
    </ClInclude>
    <ClInclude Include="..\..\src\resample\resample.h">
      <Filter>Source Files\resample</Filter>
    </ClInclude>
    <ClInclude Include="..\..\src\upmix51\upmix51.h">
      <Filter>Source Files\upmix51</Filter>
    </ClInclude>
    <ClInclude Include="..\..\src\utils\cond.h">
      <Filter>Source Files\utils</Filter>
    </ClInclude>
    <ClInclude Include="resource.h">
      <Filter>Header Files</Filter>
    </ClInclude>
    <ClInclude Include="..\..\src\sn3d\sn3d.h">
      <Filter>Source Files\sn3d</Filter>
    </ClInclude>
    <ClInclude Include="..\..\src\api\CaptureApi.h">
      <Filter>Source Files\api</Filter>
    </ClInclude>
  </ItemGroup>
  <ItemGroup>
    <ResourceCompile Include="TwirlingAudioEngineStatic.rc">
      <Filter>Resource Files</Filter>
    </ResourceCompile>
  </ItemGroup>
</Project>