// !$*UTF8*$!
{
	archiveVersion = 1;
	classes = {
	};
	objectVersion = 46;
	objects = {

/* Begin PBXBuildFile section */
		8885ABE71DCC914900239E84 /* hrtf.cpp in Sources */ = {isa = PBXBuildFile; fileRef = 8885ABE41DCC914900239E84 /* hrtf.cpp */; };
		8885ABEB1DCC915B00239E84 /* equalizer.cpp in Sources */ = {isa = PBXBuildFile; fileRef = 8885ABE91DCC915B00239E84 /* equalizer.cpp */; };
		8885ABEF1DCC97A800239E84 /* ans.cpp in Sources */ = {isa = PBXBuildFile; fileRef = 8885ABED1DCC97A800239E84 /* ans.cpp */; };
		AAAA30DE1DC07C070090229A /* ambisonic.cpp in Sources */ = {isa = PBXBuildFile; fileRef = AAAA309D1DC07C070090229A /* ambisonic.cpp */; };
		AAAA30DF1DC07C070090229A /* h1v1fromobject.cpp in Sources */ = {isa = PBXBuildFile; fileRef = AAAA30A21DC07C070090229A /* h1v1fromobject.cpp */; };
		AAAA30E01DC07C070090229A /* h1v1fromwxy.cpp in Sources */ = {isa = PBXBuildFile; fileRef = AAAA30A41DC07C070090229A /* h1v1fromwxy.cpp */; };
		AAAA30E11DC07C070090229A /* h1v1fromwxyz.cpp in Sources */ = {isa = PBXBuildFile; fileRef = AAAA30A61DC07C070090229A /* h1v1fromwxyz.cpp */; };
		AAAA30E21DC07C070090229A /* h1v1fromwyzx.cpp in Sources */ = {isa = PBXBuildFile; fileRef = AAAA30A81DC07C070090229A /* h1v1fromwyzx.cpp */; };
		AAAA30E31DC07C070090229A /* h3v2fromobject.cpp in Sources */ = {isa = PBXBuildFile; fileRef = AAAA30AA1DC07C070090229A /* h3v2fromobject.cpp */; };
		AAAA30E41DC07C070090229A /* h3v3fromobject.cpp in Sources */ = {isa = PBXBuildFile; fileRef = AAAA30AC1DC07C070090229A /* h3v3fromobject.cpp */; };
		AAAA30E51DC07C070090229A /* hxvxfromxxxx.cpp in Sources */ = {isa = PBXBuildFile; fileRef = AAAA30AE1DC07C070090229A /* hxvxfromxxxx.cpp */; };
		AAAA30E61DC07C070090229A /* AudioEngineApi.cpp in Sources */ = {isa = PBXBuildFile; fileRef = AAAA30B11DC07C070090229A /* AudioEngineApi.cpp */; };
		AAAA30E91DC07C070090229A /* binaural.cpp in Sources */ = {isa = PBXBuildFile; fileRef = AAAA30BA1DC07C070090229A /* binaural.cpp */; };
		AAAA30EB1DC07C070090229A /* core.cpp in Sources */ = {isa = PBXBuildFile; fileRef = AAAA30BF1DC07C070090229A /* core.cpp */; };
		AAAA30EC1DC07C070090229A /* Doa.cpp in Sources */ = {isa = PBXBuildFile; fileRef = AAAA30C31DC07C070090229A /* Doa.cpp */; };
		AAAA30ED1DC07C070090229A /* ssyev.cpp in Sources */ = {isa = PBXBuildFile; fileRef = AAAA30C51DC07C070090229A /* ssyev.cpp */; };
		AAAA30EE1DC07C070090229A /* dynamicRangeControl.cpp in Sources */ = {isa = PBXBuildFile; fileRef = AAAA30C81DC07C070090229A /* dynamicRangeControl.cpp */; };
		AAAA30EF1DC07C070090229A /* realFFT.cpp in Sources */ = {isa = PBXBuildFile; fileRef = AAAA30CB1DC07C070090229A /* realFFT.cpp */; };
		AAAA30F01DC07C070090229A /* gverb.cpp in Sources */ = {isa = PBXBuildFile; fileRef = AAAA30CE1DC07C070090229A /* gverb.cpp */; };
		AAAA30F11DC07C070090229A /* gverbdsp.cpp in Sources */ = {isa = PBXBuildFile; fileRef = AAAA30D01DC07C070090229A /* gverbdsp.cpp */; };
		AAAA30F21DC07C070090229A /* resample.cpp in Sources */ = {isa = PBXBuildFile; fileRef = AAAA30D41DC07C070090229A /* resample.cpp */; };
		AAAA30F31DC07C070090229A /* upmix51.cpp in Sources */ = {isa = PBXBuildFile; fileRef = AAAA30D71DC07C070090229A /* upmix51.cpp */; };
		AAAA30F41DC07C070090229A /* virtualSpk.cpp in Sources */ = {isa = PBXBuildFile; fileRef = AAAA30DC1DC07C070090229A /* virtualSpk.cpp */; };
/* End PBXBuildFile section */

/* Begin PBXCopyFilesBuildPhase section */
		AAAA308E1DC07BD30090229A /* CopyFiles */ = {
			isa = PBXCopyFilesBuildPhase;
			buildActionMask = 2147483647;
			dstPath = "include/$(PRODUCT_NAME)";
			dstSubfolderSpec = 16;
			files = (
			);
			runOnlyForDeploymentPostprocessing = 0;
		};
/* End PBXCopyFilesBuildPhase section */

/* Begin PBXFileReference section */
		8885ABE41DCC914900239E84 /* hrtf.cpp */ = {isa = PBXFileReference; fileEncoding = 4; lastKnownFileType = sourcecode.cpp.cpp; path = hrtf.cpp; sourceTree = "<group>"; };
		8885ABE51DCC914900239E84 /* hrtf.h */ = {isa = PBXFileReference; fileEncoding = 4; lastKnownFileType = sourcecode.c.h; path = hrtf.h; sourceTree = "<group>"; };
		8885ABE61DCC914900239E84 /* hrtfTable.h */ = {isa = PBXFileReference; fileEncoding = 4; lastKnownFileType = sourcecode.c.h; path = hrtfTable.h; sourceTree = "<group>"; };
		8885ABE91DCC915B00239E84 /* equalizer.cpp */ = {isa = PBXFileReference; fileEncoding = 4; lastKnownFileType = sourcecode.cpp.cpp; path = equalizer.cpp; sourceTree = "<group>"; };
		8885ABEA1DCC915B00239E84 /* equalizer.h */ = {isa = PBXFileReference; fileEncoding = 4; lastKnownFileType = sourcecode.c.h; path = equalizer.h; sourceTree = "<group>"; };
		8885ABED1DCC97A800239E84 /* ans.cpp */ = {isa = PBXFileReference; fileEncoding = 4; lastKnownFileType = sourcecode.cpp.cpp; path = ans.cpp; sourceTree = "<group>"; };
		8885ABEE1DCC97A800239E84 /* ans.h */ = {isa = PBXFileReference; fileEncoding = 4; lastKnownFileType = sourcecode.c.h; path = ans.h; sourceTree = "<group>"; };
		AAAA30901DC07BD30090229A /* libTwirlingAudioEngine.a */ = {isa = PBXFileReference; explicitFileType = archive.ar; includeInIndex = 0; path = libTwirlingAudioEngine.a; sourceTree = BUILT_PRODUCTS_DIR; };
		AAAA309D1DC07C070090229A /* ambisonic.cpp */ = {isa = PBXFileReference; fileEncoding = 4; lastKnownFileType = sourcecode.cpp.cpp; path = ambisonic.cpp; sourceTree = "<group>"; };
		AAAA309E1DC07C070090229A /* ambisonic.h */ = {isa = PBXFileReference; fileEncoding = 4; lastKnownFileType = sourcecode.c.h; path = ambisonic.h; sourceTree = "<group>"; };
		AAAA309F1DC07C070090229A /* ambisonicData.h */ = {isa = PBXFileReference; fileEncoding = 4; lastKnownFileType = sourcecode.c.h; path = ambisonicData.h; sourceTree = "<group>"; };
		AAAA30A01DC07C070090229A /* ambisonicDef.h */ = {isa = PBXFileReference; fileEncoding = 4; lastKnownFileType = sourcecode.c.h; path = ambisonicDef.h; sourceTree = "<group>"; };
		AAAA30A21DC07C070090229A /* h1v1fromobject.cpp */ = {isa = PBXFileReference; fileEncoding = 4; lastKnownFileType = sourcecode.cpp.cpp; path = h1v1fromobject.cpp; sourceTree = "<group>"; };
		AAAA30A31DC07C070090229A /* h1v1fromobject.h */ = {isa = PBXFileReference; fileEncoding = 4; lastKnownFileType = sourcecode.c.h; path = h1v1fromobject.h; sourceTree = "<group>"; };
		AAAA30A41DC07C070090229A /* h1v1fromwxy.cpp */ = {isa = PBXFileReference; fileEncoding = 4; lastKnownFileType = sourcecode.cpp.cpp; path = h1v1fromwxy.cpp; sourceTree = "<group>"; };
		AAAA30A51DC07C070090229A /* h1v1fromwxy.h */ = {isa = PBXFileReference; fileEncoding = 4; lastKnownFileType = sourcecode.c.h; path = h1v1fromwxy.h; sourceTree = "<group>"; };
		AAAA30A61DC07C070090229A /* h1v1fromwxyz.cpp */ = {isa = PBXFileReference; fileEncoding = 4; lastKnownFileType = sourcecode.cpp.cpp; path = h1v1fromwxyz.cpp; sourceTree = "<group>"; };
		AAAA30A71DC07C070090229A /* h1v1fromwxyz.h */ = {isa = PBXFileReference; fileEncoding = 4; lastKnownFileType = sourcecode.c.h; path = h1v1fromwxyz.h; sourceTree = "<group>"; };
		AAAA30A81DC07C070090229A /* h1v1fromwyzx.cpp */ = {isa = PBXFileReference; fileEncoding = 4; lastKnownFileType = sourcecode.cpp.cpp; path = h1v1fromwyzx.cpp; sourceTree = "<group>"; };
		AAAA30A91DC07C070090229A /* h1v1fromwyzx.h */ = {isa = PBXFileReference; fileEncoding = 4; lastKnownFileType = sourcecode.c.h; path = h1v1fromwyzx.h; sourceTree = "<group>"; };
		AAAA30AA1DC07C070090229A /* h3v2fromobject.cpp */ = {isa = PBXFileReference; fileEncoding = 4; lastKnownFileType = sourcecode.cpp.cpp; path = h3v2fromobject.cpp; sourceTree = "<group>"; };
		AAAA30AB1DC07C070090229A /* h3v2fromobject.h */ = {isa = PBXFileReference; fileEncoding = 4; lastKnownFileType = sourcecode.c.h; path = h3v2fromobject.h; sourceTree = "<group>"; };
		AAAA30AC1DC07C070090229A /* h3v3fromobject.cpp */ = {isa = PBXFileReference; fileEncoding = 4; lastKnownFileType = sourcecode.cpp.cpp; path = h3v3fromobject.cpp; sourceTree = "<group>"; };
		AAAA30AD1DC07C070090229A /* h3v3fromobject.h */ = {isa = PBXFileReference; fileEncoding = 4; lastKnownFileType = sourcecode.c.h; path = h3v3fromobject.h; sourceTree = "<group>"; };
		AAAA30AE1DC07C070090229A /* hxvxfromxxxx.cpp */ = {isa = PBXFileReference; fileEncoding = 4; lastKnownFileType = sourcecode.cpp.cpp; path = hxvxfromxxxx.cpp; sourceTree = "<group>"; };
		AAAA30AF1DC07C070090229A /* hxvxfromxxxx.h */ = {isa = PBXFileReference; fileEncoding = 4; lastKnownFileType = sourcecode.c.h; path = hxvxfromxxxx.h; sourceTree = "<group>"; };
		AAAA30B11DC07C070090229A /* AudioEngineApi.cpp */ = {isa = PBXFileReference; fileEncoding = 4; lastKnownFileType = sourcecode.cpp.cpp; path = AudioEngineApi.cpp; sourceTree = "<group>"; };
		AAAA30B21DC07C070090229A /* AudioEngineApi.h */ = {isa = PBXFileReference; fileEncoding = 4; lastKnownFileType = sourcecode.c.h; path = AudioEngineApi.h; sourceTree = "<group>"; };
		AAAA30BA1DC07C070090229A /* binaural.cpp */ = {isa = PBXFileReference; fileEncoding = 4; lastKnownFileType = sourcecode.cpp.cpp; path = binaural.cpp; sourceTree = "<group>"; };
		AAAA30BB1DC07C070090229A /* binaural.h */ = {isa = PBXFileReference; fileEncoding = 4; lastKnownFileType = sourcecode.c.h; path = binaural.h; sourceTree = "<group>"; };
		AAAA30BF1DC07C070090229A /* core.cpp */ = {isa = PBXFileReference; fileEncoding = 4; lastKnownFileType = sourcecode.cpp.cpp; path = core.cpp; sourceTree = "<group>"; };
		AAAA30C01DC07C070090229A /* core.h */ = {isa = PBXFileReference; fileEncoding = 4; lastKnownFileType = sourcecode.c.h; path = core.h; sourceTree = "<group>"; };
		AAAA30C11DC07C070090229A /* def.h */ = {isa = PBXFileReference; fileEncoding = 4; lastKnownFileType = sourcecode.c.h; path = def.h; sourceTree = "<group>"; };
		AAAA30C31DC07C070090229A /* Doa.cpp */ = {isa = PBXFileReference; fileEncoding = 4; lastKnownFileType = sourcecode.cpp.cpp; path = Doa.cpp; sourceTree = "<group>"; };
		AAAA30C41DC07C070090229A /* Doa.h */ = {isa = PBXFileReference; fileEncoding = 4; lastKnownFileType = sourcecode.c.h; path = Doa.h; sourceTree = "<group>"; };
		AAAA30C51DC07C070090229A /* ssyev.cpp */ = {isa = PBXFileReference; fileEncoding = 4; lastKnownFileType = sourcecode.cpp.cpp; path = ssyev.cpp; sourceTree = "<group>"; };
		AAAA30C61DC07C070090229A /* ssyev.h */ = {isa = PBXFileReference; fileEncoding = 4; lastKnownFileType = sourcecode.c.h; path = ssyev.h; sourceTree = "<group>"; };
		AAAA30C81DC07C070090229A /* dynamicRangeControl.cpp */ = {isa = PBXFileReference; fileEncoding = 4; lastKnownFileType = sourcecode.cpp.cpp; path = dynamicRangeControl.cpp; sourceTree = "<group>"; };
		AAAA30C91DC07C070090229A /* dynamicRangeControl.h */ = {isa = PBXFileReference; fileEncoding = 4; lastKnownFileType = sourcecode.c.h; path = dynamicRangeControl.h; sourceTree = "<group>"; };
		AAAA30CB1DC07C070090229A /* realFFT.cpp */ = {isa = PBXFileReference; fileEncoding = 4; lastKnownFileType = sourcecode.cpp.cpp; path = realFFT.cpp; sourceTree = "<group>"; };
		AAAA30CC1DC07C070090229A /* realFFT.h */ = {isa = PBXFileReference; fileEncoding = 4; lastKnownFileType = sourcecode.c.h; path = realFFT.h; sourceTree = "<group>"; };
		AAAA30CE1DC07C070090229A /* gverb.cpp */ = {isa = PBXFileReference; fileEncoding = 4; lastKnownFileType = sourcecode.cpp.cpp; path = gverb.cpp; sourceTree = "<group>"; };
		AAAA30CF1DC07C070090229A /* gverb.h */ = {isa = PBXFileReference; fileEncoding = 4; lastKnownFileType = sourcecode.c.h; path = gverb.h; sourceTree = "<group>"; };
		AAAA30D01DC07C070090229A /* gverbdsp.cpp */ = {isa = PBXFileReference; fileEncoding = 4; lastKnownFileType = sourcecode.cpp.cpp; path = gverbdsp.cpp; sourceTree = "<group>"; };
		AAAA30D11DC07C070090229A /* gverbdsp.h */ = {isa = PBXFileReference; fileEncoding = 4; lastKnownFileType = sourcecode.c.h; path = gverbdsp.h; sourceTree = "<group>"; };
		AAAA30D21DC07C070090229A /* ladspa-util.h */ = {isa = PBXFileReference; fileEncoding = 4; lastKnownFileType = sourcecode.c.h; path = "ladspa-util.h"; sourceTree = "<group>"; };
		AAAA30D41DC07C070090229A /* resample.cpp */ = {isa = PBXFileReference; fileEncoding = 4; lastKnownFileType = sourcecode.cpp.cpp; path = resample.cpp; sourceTree = "<group>"; };
		AAAA30D51DC07C070090229A /* resample.h */ = {isa = PBXFileReference; fileEncoding = 4; lastKnownFileType = sourcecode.c.h; path = resample.h; sourceTree = "<group>"; };
		AAAA30D71DC07C070090229A /* upmix51.cpp */ = {isa = PBXFileReference; fileEncoding = 4; lastKnownFileType = sourcecode.cpp.cpp; path = upmix51.cpp; sourceTree = "<group>"; };
		AAAA30D81DC07C070090229A /* upmix51.h */ = {isa = PBXFileReference; fileEncoding = 4; lastKnownFileType = sourcecode.c.h; path = upmix51.h; sourceTree = "<group>"; };
		AAAA30DA1DC07C070090229A /* cond.h */ = {isa = PBXFileReference; fileEncoding = 4; lastKnownFileType = sourcecode.c.h; path = cond.h; sourceTree = "<group>"; };
		AAAA30DC1DC07C070090229A /* virtualSpk.cpp */ = {isa = PBXFileReference; fileEncoding = 4; lastKnownFileType = sourcecode.cpp.cpp; path = virtualSpk.cpp; sourceTree = "<group>"; };
		AAAA30DD1DC07C070090229A /* virtualSpk.h */ = {isa = PBXFileReference; fileEncoding = 4; lastKnownFileType = sourcecode.c.h; path = virtualSpk.h; sourceTree = "<group>"; };
		AAAA30F61DC07D780090229A /* libc++.tbd */ = {isa = PBXFileReference; lastKnownFileType = "sourcecode.text-based-dylib-definition"; name = "libc++.tbd"; path = "usr/lib/libc++.tbd"; sourceTree = SDKROOT; };
/* End PBXFileReference section */

/* Begin PBXFrameworksBuildPhase section */
		AAAA308D1DC07BD30090229A /* Frameworks */ = {
			isa = PBXFrameworksBuildPhase;
			buildActionMask = 2147483647;
			files = (
			);
			runOnlyForDeploymentPostprocessing = 0;
		};
/* End PBXFrameworksBuildPhase section */

/* Begin PBXGroup section */
		8885ABE31DCC914900239E84 /* hrtf */ = {
			isa = PBXGroup;
			children = (
				8885ABE41DCC914900239E84 /* hrtf.cpp */,
				8885ABE51DCC914900239E84 /* hrtf.h */,
				8885ABE61DCC914900239E84 /* hrtfTable.h */,
			);
			name = hrtf;
			path = ../../../src/hrtf;
			sourceTree = "<group>";
		};
		8885ABE81DCC915B00239E84 /* equalizer */ = {
			isa = PBXGroup;
			children = (
				8885ABE91DCC915B00239E84 /* equalizer.cpp */,
				8885ABEA1DCC915B00239E84 /* equalizer.h */,
			);
			name = equalizer;
			path = ../../../src/equalizer;
			sourceTree = "<group>";
		};
		8885ABEC1DCC97A800239E84 /* ans */ = {
			isa = PBXGroup;
			children = (
				8885ABED1DCC97A800239E84 /* ans.cpp */,
				8885ABEE1DCC97A800239E84 /* ans.h */,
			);
			name = ans;
			path = ../../../src/ans;
			sourceTree = "<group>";
		};
		AAAA30871DC07BD30090229A = {
			isa = PBXGroup;
			children = (
				AAAA30921DC07BD30090229A /* TwirlingAudioEngine */,
				AAAA30911DC07BD30090229A /* Products */,
				AAAA30F51DC07D780090229A /* Frameworks */,
			);
			sourceTree = "<group>";
		};
		AAAA30911DC07BD30090229A /* Products */ = {
			isa = PBXGroup;
			children = (
				AAAA30901DC07BD30090229A /* libTwirlingAudioEngine.a */,
			);
			name = Products;
			sourceTree = "<group>";
		};
		AAAA30921DC07BD30090229A /* TwirlingAudioEngine */ = {
			isa = PBXGroup;
			children = (
				8885ABEC1DCC97A800239E84 /* ans */,
				8885ABE31DCC914900239E84 /* hrtf */,
				8885ABE81DCC915B00239E84 /* equalizer */,
				AAAA309C1DC07C070090229A /* ambisonic */,
				AAAA30B01DC07C070090229A /* api */,
				AAAA30B91DC07C070090229A /* binaural */,
				AAAA30BC1DC07C070090229A /* core */,
				AAAA30C21DC07C070090229A /* doa */,
				AAAA30C71DC07C070090229A /* dynamicrangecontrol */,
				AAAA30CA1DC07C070090229A /* fft */,
				AAAA30CD1DC07C070090229A /* gverb */,
				AAAA30D31DC07C070090229A /* resample */,
				AAAA30D61DC07C070090229A /* upmix51 */,
				AAAA30D91DC07C070090229A /* utils */,
				AAAA30DB1DC07C070090229A /* virtualspeaker */,
			);
			path = TwirlingAudioEngine;
			sourceTree = "<group>";
		};
		AAAA309C1DC07C070090229A /* ambisonic */ = {
			isa = PBXGroup;
			children = (
				AAAA309D1DC07C070090229A /* ambisonic.cpp */,
				AAAA309E1DC07C070090229A /* ambisonic.h */,
				AAAA309F1DC07C070090229A /* ambisonicData.h */,
				AAAA30A01DC07C070090229A /* ambisonicDef.h */,
				AAAA30A11DC07C070090229A /* hxvxfromxxxx */,
			);
			name = ambisonic;
			path = ../../../src/ambisonic;
			sourceTree = "<group>";
		};
		AAAA30A11DC07C070090229A /* hxvxfromxxxx */ = {
			isa = PBXGroup;
			children = (
				AAAA30A21DC07C070090229A /* h1v1fromobject.cpp */,
				AAAA30A31DC07C070090229A /* h1v1fromobject.h */,
				AAAA30A41DC07C070090229A /* h1v1fromwxy.cpp */,
				AAAA30A51DC07C070090229A /* h1v1fromwxy.h */,
				AAAA30A61DC07C070090229A /* h1v1fromwxyz.cpp */,
				AAAA30A71DC07C070090229A /* h1v1fromwxyz.h */,
				AAAA30A81DC07C070090229A /* h1v1fromwyzx.cpp */,
				AAAA30A91DC07C070090229A /* h1v1fromwyzx.h */,
				AAAA30AA1DC07C070090229A /* h3v2fromobject.cpp */,
				AAAA30AB1DC07C070090229A /* h3v2fromobject.h */,
				AAAA30AC1DC07C070090229A /* h3v3fromobject.cpp */,
				AAAA30AD1DC07C070090229A /* h3v3fromobject.h */,
				AAAA30AE1DC07C070090229A /* hxvxfromxxxx.cpp */,
				AAAA30AF1DC07C070090229A /* hxvxfromxxxx.h */,
			);
			path = hxvxfromxxxx;
			sourceTree = "<group>";
		};
		AAAA30B01DC07C070090229A /* api */ = {
			isa = PBXGroup;
			children = (
				AAAA30B11DC07C070090229A /* AudioEngineApi.cpp */,
				AAAA30B21DC07C070090229A /* AudioEngineApi.h */,
			);
			name = api;
			path = ../../../src/api;
			sourceTree = "<group>";
		};
		AAAA30B91DC07C070090229A /* binaural */ = {
			isa = PBXGroup;
			children = (
				AAAA30BA1DC07C070090229A /* binaural.cpp */,
				AAAA30BB1DC07C070090229A /* binaural.h */,
			);
			name = binaural;
			path = ../../../src/binaural;
			sourceTree = "<group>";
		};
		AAAA30BC1DC07C070090229A /* core */ = {
			isa = PBXGroup;
			children = (
				AAAA30BF1DC07C070090229A /* core.cpp */,
				AAAA30C01DC07C070090229A /* core.h */,
				AAAA30C11DC07C070090229A /* def.h */,
			);
			name = core;
			path = ../../../src/core;
			sourceTree = "<group>";
		};
		AAAA30C21DC07C070090229A /* doa */ = {
			isa = PBXGroup;
			children = (
				AAAA30C31DC07C070090229A /* Doa.cpp */,
				AAAA30C41DC07C070090229A /* Doa.h */,
				AAAA30C51DC07C070090229A /* ssyev.cpp */,
				AAAA30C61DC07C070090229A /* ssyev.h */,
			);
			name = doa;
			path = ../../../src/doa;
			sourceTree = "<group>";
		};
		AAAA30C71DC07C070090229A /* dynamicrangecontrol */ = {
			isa = PBXGroup;
			children = (
				AAAA30C81DC07C070090229A /* dynamicRangeControl.cpp */,
				AAAA30C91DC07C070090229A /* dynamicRangeControl.h */,
			);
			name = dynamicrangecontrol;
			path = ../../../src/dynamicrangecontrol;
			sourceTree = "<group>";
		};
		AAAA30CA1DC07C070090229A /* fft */ = {
			isa = PBXGroup;
			children = (
				AAAA30CB1DC07C070090229A /* realFFT.cpp */,
				AAAA30CC1DC07C070090229A /* realFFT.h */,
			);
			name = fft;
			path = ../../../src/fft;
			sourceTree = "<group>";
		};
		AAAA30CD1DC07C070090229A /* gverb */ = {
			isa = PBXGroup;
			children = (
				AAAA30CE1DC07C070090229A /* gverb.cpp */,
				AAAA30CF1DC07C070090229A /* gverb.h */,
				AAAA30D01DC07C070090229A /* gverbdsp.cpp */,
				AAAA30D11DC07C070090229A /* gverbdsp.h */,
				AAAA30D21DC07C070090229A /* ladspa-util.h */,
			);
			name = gverb;
			path = ../../../src/gverb;
			sourceTree = "<group>";
		};
		AAAA30D31DC07C070090229A /* resample */ = {
			isa = PBXGroup;
			children = (
				AAAA30D41DC07C070090229A /* resample.cpp */,
				AAAA30D51DC07C070090229A /* resample.h */,
			);
			name = resample;
			path = ../../../src/resample;
			sourceTree = "<group>";
		};
		AAAA30D61DC07C070090229A /* upmix51 */ = {
			isa = PBXGroup;
			children = (
				AAAA30D71DC07C070090229A /* upmix51.cpp */,
				AAAA30D81DC07C070090229A /* upmix51.h */,
			);
			name = upmix51;
			path = ../../../src/upmix51;
			sourceTree = "<group>";
		};
		AAAA30D91DC07C070090229A /* utils */ = {
			isa = PBXGroup;
			children = (
				AAAA30DA1DC07C070090229A /* cond.h */,
			);
			name = utils;
			path = ../../../src/utils;
			sourceTree = "<group>";
		};
		AAAA30DB1DC07C070090229A /* virtualspeaker */ = {
			isa = PBXGroup;
			children = (
				AAAA30DC1DC07C070090229A /* virtualSpk.cpp */,
				AAAA30DD1DC07C070090229A /* virtualSpk.h */,
			);
			name = virtualspeaker;
			path = ../../../src/virtualspeaker;
			sourceTree = "<group>";
		};
		AAAA30F51DC07D780090229A /* Frameworks */ = {
			isa = PBXGroup;
			children = (
				AAAA30F61DC07D780090229A /* libc++.tbd */,
			);
			name = Frameworks;
			sourceTree = "<group>";
		};
/* End PBXGroup section */

/* Begin PBXNativeTarget section */
		AAAA308F1DC07BD30090229A /* TwirlingAudioEngine */ = {
			isa = PBXNativeTarget;
			buildConfigurationList = AAAA30991DC07BD30090229A /* Build configuration list for PBXNativeTarget "TwirlingAudioEngine" */;
			buildPhases = (
				AAAA308C1DC07BD30090229A /* Sources */,
				AAAA308D1DC07BD30090229A /* Frameworks */,
				AAAA308E1DC07BD30090229A /* CopyFiles */,
			);
			buildRules = (
			);
			dependencies = (
			);
			name = TwirlingAudioEngine;
			productName = TwirlingAudioEngine;
			productReference = AAAA30901DC07BD30090229A /* libTwirlingAudioEngine.a */;
			productType = "com.apple.product-type.library.static";
		};
/* End PBXNativeTarget section */

/* Begin PBXProject section */
		AAAA30881DC07BD30090229A /* Project object */ = {
			isa = PBXProject;
			attributes = {
				LastUpgradeCheck = 0800;
				ORGANIZATIONNAME = Twirling;
				TargetAttributes = {
					AAAA308F1DC07BD30090229A = {
						CreatedOnToolsVersion = 8.0;
						DevelopmentTeam = L7TW7CJX23;
						ProvisioningStyle = Automatic;
					};
				};
			};
			buildConfigurationList = AAAA308B1DC07BD30090229A /* Build configuration list for PBXProject "TwirlingAudioEngine" */;
			compatibilityVersion = "Xcode 3.2";
			developmentRegion = English;
			hasScannedForEncodings = 0;
			knownRegions = (
				en,
			);
			mainGroup = AAAA30871DC07BD30090229A;
			productRefGroup = AAAA30911DC07BD30090229A /* Products */;
			projectDirPath = "";
			projectRoot = "";
			targets = (
				AAAA308F1DC07BD30090229A /* TwirlingAudioEngine */,
			);
		};
/* End PBXProject section */

/* Begin PBXSourcesBuildPhase section */
		AAAA308C1DC07BD30090229A /* Sources */ = {
			isa = PBXSourcesBuildPhase;
			buildActionMask = 2147483647;
			files = (
				AAAA30F41DC07C070090229A /* virtualSpk.cpp in Sources */,
				AAAA30F01DC07C070090229A /* gverb.cpp in Sources */,
				AAAA30F31DC07C070090229A /* upmix51.cpp in Sources */,
				AAAA30E21DC07C070090229A /* h1v1fromwyzx.cpp in Sources */,
				AAAA30DF1DC07C070090229A /* h1v1fromobject.cpp in Sources */,
				AAAA30E01DC07C070090229A /* h1v1fromwxy.cpp in Sources */,
				AAAA30ED1DC07C070090229A /* ssyev.cpp in Sources */,
				AAAA30E51DC07C070090229A /* hxvxfromxxxx.cpp in Sources */,
				8885ABEF1DCC97A800239E84 /* ans.cpp in Sources */,
				8885ABE71DCC914900239E84 /* hrtf.cpp in Sources */,
				AAAA30DE1DC07C070090229A /* ambisonic.cpp in Sources */,
				8885ABEB1DCC915B00239E84 /* equalizer.cpp in Sources */,
				AAAA30EB1DC07C070090229A /* core.cpp in Sources */,
				AAAA30E11DC07C070090229A /* h1v1fromwxyz.cpp in Sources */,
				AAAA30EE1DC07C070090229A /* dynamicRangeControl.cpp in Sources */,
				AAAA30EF1DC07C070090229A /* realFFT.cpp in Sources */,
				AAAA30E41DC07C070090229A /* h3v3fromobject.cpp in Sources */,
				AAAA30EC1DC07C070090229A /* Doa.cpp in Sources */,
				AAAA30E31DC07C070090229A /* h3v2fromobject.cpp in Sources */,
				AAAA30F21DC07C070090229A /* resample.cpp in Sources */,
				AAAA30E61DC07C070090229A /* AudioEngineApi.cpp in Sources */,
				AAAA30F11DC07C070090229A /* gverbdsp.cpp in Sources */,
				AAAA30E91DC07C070090229A /* binaural.cpp in Sources */,
			);
			runOnlyForDeploymentPostprocessing = 0;
		};
/* End PBXSourcesBuildPhase section */

/* Begin XCBuildConfiguration section */
		AAAA30971DC07BD30090229A /* Debug */ = {
			isa = XCBuildConfiguration;
			buildSettings = {
				ALWAYS_SEARCH_USER_PATHS = NO;
				CLANG_ANALYZER_NONNULL = YES;
				CLANG_CXX_LANGUAGE_STANDARD = "gnu++0x";
				CLANG_CXX_LIBRARY = "libc++";
				CLANG_ENABLE_MODULES = YES;
				CLANG_ENABLE_OBJC_ARC = YES;
				CLANG_WARN_BOOL_CONVERSION = YES;
				CLANG_WARN_CONSTANT_CONVERSION = YES;
				CLANG_WARN_DIRECT_OBJC_ISA_USAGE = YES_ERROR;
				CLANG_WARN_DOCUMENTATION_COMMENTS = YES;
				CLANG_WARN_EMPTY_BODY = YES;
				CLANG_WARN_ENUM_CONVERSION = YES;
				CLANG_WARN_INFINITE_RECURSION = YES;
				CLANG_WARN_INT_CONVERSION = YES;
				CLANG_WARN_OBJC_ROOT_CLASS = YES_ERROR;
				CLANG_WARN_SUSPICIOUS_MOVES = YES;
				CLANG_WARN_UNREACHABLE_CODE = YES;
				CLANG_WARN__DUPLICATE_METHOD_MATCH = YES;
				"CODE_SIGN_IDENTITY[sdk=iphoneos*]" = "iPhone Developer";
				COPY_PHASE_STRIP = NO;
				DEBUG_INFORMATION_FORMAT = dwarf;
				ENABLE_STRICT_OBJC_MSGSEND = YES;
				ENABLE_TESTABILITY = YES;
				GCC_C_LANGUAGE_STANDARD = gnu99;
				GCC_DYNAMIC_NO_PIC = NO;
				GCC_NO_COMMON_BLOCKS = YES;
				GCC_OPTIMIZATION_LEVEL = 0;
				GCC_PREPROCESSOR_DEFINITIONS = (
					"DEBUG=1",
					"$(inherited)",
				);
				GCC_WARN_64_TO_32_BIT_CONVERSION = YES;
				GCC_WARN_ABOUT_RETURN_TYPE = YES_ERROR;
				GCC_WARN_UNDECLARED_SELECTOR = YES;
				GCC_WARN_UNINITIALIZED_AUTOS = YES_AGGRESSIVE;
				GCC_WARN_UNUSED_FUNCTION = YES;
				GCC_WARN_UNUSED_VARIABLE = YES;
				IPHONEOS_DEPLOYMENT_TARGET = 8.0;
				MTL_ENABLE_DEBUG_INFO = YES;
				ONLY_ACTIVE_ARCH = YES;
				SDKROOT = iphoneos;
			};
			name = Debug;
		};
		AAAA30981DC07BD30090229A /* Release */ = {
			isa = XCBuildConfiguration;
			buildSettings = {
				ALWAYS_SEARCH_USER_PATHS = NO;
				CLANG_ANALYZER_NONNULL = YES;
				CLANG_CXX_LANGUAGE_STANDARD = "gnu++0x";
				CLANG_CXX_LIBRARY = "libc++";
				CLANG_ENABLE_MODULES = YES;
				CLANG_ENABLE_OBJC_ARC = YES;
				CLANG_WARN_BOOL_CONVERSION = YES;
				CLANG_WARN_CONSTANT_CONVERSION = YES;
				CLANG_WARN_DIRECT_OBJC_ISA_USAGE = YES_ERROR;
				CLANG_WARN_DOCUMENTATION_COMMENTS = YES;
				CLANG_WARN_EMPTY_BODY = YES;
				CLANG_WARN_ENUM_CONVERSION = YES;
				CLANG_WARN_INFINITE_RECURSION = YES;
				CLANG_WARN_INT_CONVERSION = YES;
				CLANG_WARN_OBJC_ROOT_CLASS = YES_ERROR;
				CLANG_WARN_SUSPICIOUS_MOVES = YES;
				CLANG_WARN_UNREACHABLE_CODE = YES;
				CLANG_WARN__DUPLICATE_METHOD_MATCH = YES;
				"CODE_SIGN_IDENTITY[sdk=iphoneos*]" = "iPhone Developer";
				COPY_PHASE_STRIP = NO;
				DEBUG_INFORMATION_FORMAT = "dwarf-with-dsym";
				ENABLE_NS_ASSERTIONS = NO;
				ENABLE_STRICT_OBJC_MSGSEND = YES;
				GCC_C_LANGUAGE_STANDARD = gnu99;
				GCC_NO_COMMON_BLOCKS = YES;
				GCC_WARN_64_TO_32_BIT_CONVERSION = YES;
				GCC_WARN_ABOUT_RETURN_TYPE = YES_ERROR;
				GCC_WARN_UNDECLARED_SELECTOR = YES;
				GCC_WARN_UNINITIALIZED_AUTOS = YES_AGGRESSIVE;
				GCC_WARN_UNUSED_FUNCTION = YES;
				GCC_WARN_UNUSED_VARIABLE = YES;
				IPHONEOS_DEPLOYMENT_TARGET = 8.0;
				MTL_ENABLE_DEBUG_INFO = NO;
				SDKROOT = iphoneos;
				VALIDATE_PRODUCT = YES;
			};
			name = Release;
		};
		AAAA309A1DC07BD30090229A /* Debug */ = {
			isa = XCBuildConfiguration;
			buildSettings = {
				DEVELOPMENT_TEAM = L7TW7CJX23;
				ONLY_ACTIVE_ARCH = NO;
				OTHER_LDFLAGS = "-ObjC";
				PRODUCT_NAME = "$(TARGET_NAME)";
				SKIP_INSTALL = YES;
			};
			name = Debug;
		};
		AAAA309B1DC07BD30090229A /* Release */ = {
			isa = XCBuildConfiguration;
			buildSettings = {
				DEVELOPMENT_TEAM = L7TW7CJX23;
				ONLY_ACTIVE_ARCH = NO;
				OTHER_LDFLAGS = "-ObjC";
				PRODUCT_NAME = "$(TARGET_NAME)";
				SKIP_INSTALL = YES;
			};
			name = Release;
		};
/* End XCBuildConfiguration section */

/* Begin XCConfigurationList section */
		AAAA308B1DC07BD30090229A /* Build configuration list for PBXProject "TwirlingAudioEngine" */ = {
			isa = XCConfigurationList;
			buildConfigurations = (
				AAAA30971DC07BD30090229A /* Debug */,
				AAAA30981DC07BD30090229A /* Release */,
			);
			defaultConfigurationIsVisible = 0;
			defaultConfigurationName = Release;
		};
		AAAA30991DC07BD30090229A /* Build configuration list for PBXNativeTarget "TwirlingAudioEngine" */ = {
			isa = XCConfigurationList;
			buildConfigurations = (
				AAAA309A1DC07BD30090229A /* Debug */,
				AAAA309B1DC07BD30090229A /* Release */,
			);
			defaultConfigurationIsVisible = 0;
			defaultConfigurationName = Release;
		};
/* End XCConfigurationList section */
	};
	rootObject = AAAA30881DC07BD30090229A /* Project object */;
}
