// !$*UTF8*$!
{
	archiveVersion = 1;
	classes = {
	};
	objectVersion = 46;
	objects = {

/* Begin PBXBuildFile section */
		88CC60081E2CA02400E0E2D5 /* ambisonic.cpp in Sources */ = {isa = PBXBuildFile; fileRef = 88CC5FD51E2CA02400E0E2D5 /* ambisonic.cpp */; };
		88CC60091E2CA02400E0E2D5 /* ambisonic.h in Headers */ = {isa = PBXBuildFile; fileRef = 88CC5FD61E2CA02400E0E2D5 /* ambisonic.h */; };
		88CC600A1E2CA02400E0E2D5 /* ambisonicData.h in Headers */ = {isa = PBXBuildFile; fileRef = 88CC5FD71E2CA02400E0E2D5 /* ambisonicData.h */; };
		88CC600B1E2CA02400E0E2D5 /* ambisonicDef.h in Headers */ = {isa = PBXBuildFile; fileRef = 88CC5FD81E2CA02400E0E2D5 /* ambisonicDef.h */; };
		88CC600C1E2CA02400E0E2D5 /* h1v1fromobject.cpp in Sources */ = {isa = PBXBuildFile; fileRef = 88CC5FDA1E2CA02400E0E2D5 /* h1v1fromobject.cpp */; };
		88CC600D1E2CA02400E0E2D5 /* h1v1fromobject.h in Headers */ = {isa = PBXBuildFile; fileRef = 88CC5FDB1E2CA02400E0E2D5 /* h1v1fromobject.h */; };
		88CC600E1E2CA02400E0E2D5 /* h1v1fromwyzx.cpp in Sources */ = {isa = PBXBuildFile; fileRef = 88CC5FDC1E2CA02400E0E2D5 /* h1v1fromwyzx.cpp */; };
		88CC600F1E2CA02400E0E2D5 /* h1v1fromwyzx.h in Headers */ = {isa = PBXBuildFile; fileRef = 88CC5FDD1E2CA02400E0E2D5 /* h1v1fromwyzx.h */; };
		88CC60101E2CA02400E0E2D5 /* hxvxfromxxxx.cpp in Sources */ = {isa = PBXBuildFile; fileRef = 88CC5FDE1E2CA02400E0E2D5 /* hxvxfromxxxx.cpp */; };
		88CC60111E2CA02400E0E2D5 /* hxvxfromxxxx.h in Headers */ = {isa = PBXBuildFile; fileRef = 88CC5FDF1E2CA02400E0E2D5 /* hxvxfromxxxx.h */; };
		88CC60121E2CA02400E0E2D5 /* ans.cpp in Sources */ = {isa = PBXBuildFile; fileRef = 88CC5FE11E2CA02400E0E2D5 /* ans.cpp */; };
		88CC60131E2CA02400E0E2D5 /* ans.h in Headers */ = {isa = PBXBuildFile; fileRef = 88CC5FE21E2CA02400E0E2D5 /* ans.h */; };
		88CC60141E2CA02400E0E2D5 /* beamforming.cpp in Sources */ = {isa = PBXBuildFile; fileRef = 88CC5FE31E2CA02400E0E2D5 /* beamforming.cpp */; };
		88CC60151E2CA02400E0E2D5 /* beamforming.h in Headers */ = {isa = PBXBuildFile; fileRef = 88CC5FE41E2CA02400E0E2D5 /* beamforming.h */; };
		88CC60161E2CA02400E0E2D5 /* CaptureApi.cpp in Sources */ = {isa = PBXBuildFile; fileRef = 88CC5FE61E2CA02400E0E2D5 /* CaptureApi.cpp */; };
		88CC60171E2CA02400E0E2D5 /* CaptureApi.h in Headers */ = {isa = PBXBuildFile; fileRef = 88CC5FE71E2CA02400E0E2D5 /* CaptureApi.h */; };
		88CC60181E2CA02400E0E2D5 /* binaural.cpp in Sources */ = {isa = PBXBuildFile; fileRef = 88CC5FE91E2CA02400E0E2D5 /* binaural.cpp */; };
		88CC60191E2CA02400E0E2D5 /* binaural.h in Headers */ = {isa = PBXBuildFile; fileRef = 88CC5FEA1E2CA02400E0E2D5 /* binaural.h */; };
		88CC601A1E2CA02400E0E2D5 /* core.cpp in Sources */ = {isa = PBXBuildFile; fileRef = 88CC5FEC1E2CA02400E0E2D5 /* core.cpp */; };
		88CC601B1E2CA02400E0E2D5 /* core.h in Headers */ = {isa = PBXBuildFile; fileRef = 88CC5FED1E2CA02400E0E2D5 /* core.h */; };
		88CC601C1E2CA02400E0E2D5 /* def.h in Headers */ = {isa = PBXBuildFile; fileRef = 88CC5FEE1E2CA02400E0E2D5 /* def.h */; };
		88CC601D1E2CA02400E0E2D5 /* Doa.cpp in Sources */ = {isa = PBXBuildFile; fileRef = 88CC5FF01E2CA02400E0E2D5 /* Doa.cpp */; };
		88CC601E1E2CA02400E0E2D5 /* Doa.h in Headers */ = {isa = PBXBuildFile; fileRef = 88CC5FF11E2CA02400E0E2D5 /* Doa.h */; };
		88CC601F1E2CA02400E0E2D5 /* ssyev.cpp in Sources */ = {isa = PBXBuildFile; fileRef = 88CC5FF21E2CA02400E0E2D5 /* ssyev.cpp */; };
		88CC60201E2CA02400E0E2D5 /* ssyev.h in Headers */ = {isa = PBXBuildFile; fileRef = 88CC5FF31E2CA02400E0E2D5 /* ssyev.h */; };
		88CC60211E2CA02400E0E2D5 /* dynamicRangeControl.cpp in Sources */ = {isa = PBXBuildFile; fileRef = 88CC5FF51E2CA02400E0E2D5 /* dynamicRangeControl.cpp */; };
		88CC60221E2CA02400E0E2D5 /* dynamicRangeControl.h in Headers */ = {isa = PBXBuildFile; fileRef = 88CC5FF61E2CA02400E0E2D5 /* dynamicRangeControl.h */; };
		88CC60231E2CA02400E0E2D5 /* equalizer.cpp in Sources */ = {isa = PBXBuildFile; fileRef = 88CC5FF81E2CA02400E0E2D5 /* equalizer.cpp */; };
		88CC60241E2CA02400E0E2D5 /* equalizer.h in Headers */ = {isa = PBXBuildFile; fileRef = 88CC5FF91E2CA02400E0E2D5 /* equalizer.h */; };
		88CC60251E2CA02400E0E2D5 /* realFFT.cpp in Sources */ = {isa = PBXBuildFile; fileRef = 88CC5FFB1E2CA02400E0E2D5 /* realFFT.cpp */; };
		88CC60261E2CA02400E0E2D5 /* realFFT.h in Headers */ = {isa = PBXBuildFile; fileRef = 88CC5FFC1E2CA02400E0E2D5 /* realFFT.h */; };
		88CC60271E2CA02400E0E2D5 /* resample.cpp in Sources */ = {isa = PBXBuildFile; fileRef = 88CC5FFE1E2CA02400E0E2D5 /* resample.cpp */; };
		88CC60281E2CA02400E0E2D5 /* resample.h in Headers */ = {isa = PBXBuildFile; fileRef = 88CC5FFF1E2CA02400E0E2D5 /* resample.h */; };
		88CC60291E2CA02400E0E2D5 /* sn3d.cpp in Sources */ = {isa = PBXBuildFile; fileRef = 88CC60011E2CA02400E0E2D5 /* sn3d.cpp */; };
		88CC602A1E2CA02400E0E2D5 /* sn3d.h in Headers */ = {isa = PBXBuildFile; fileRef = 88CC60021E2CA02400E0E2D5 /* sn3d.h */; };
		88CC602B1E2CA02400E0E2D5 /* upmix51.cpp in Sources */ = {isa = PBXBuildFile; fileRef = 88CC60041E2CA02400E0E2D5 /* upmix51.cpp */; };
		88CC602C1E2CA02400E0E2D5 /* upmix51.h in Headers */ = {isa = PBXBuildFile; fileRef = 88CC60051E2CA02400E0E2D5 /* upmix51.h */; };
		88CC602D1E2CA02400E0E2D5 /* cond.h in Headers */ = {isa = PBXBuildFile; fileRef = 88CC60071E2CA02400E0E2D5 /* cond.h */; };
/* End PBXBuildFile section */

/* Begin PBXFileReference section */
		88CC5FD51E2CA02400E0E2D5 /* ambisonic.cpp */ = {isa = PBXFileReference; fileEncoding = 4; lastKnownFileType = sourcecode.cpp.cpp; path = ambisonic.cpp; sourceTree = "<group>"; };
		88CC5FD61E2CA02400E0E2D5 /* ambisonic.h */ = {isa = PBXFileReference; fileEncoding = 4; lastKnownFileType = sourcecode.c.h; path = ambisonic.h; sourceTree = "<group>"; };
		88CC5FD71E2CA02400E0E2D5 /* ambisonicData.h */ = {isa = PBXFileReference; fileEncoding = 4; lastKnownFileType = sourcecode.c.h; path = ambisonicData.h; sourceTree = "<group>"; };
		88CC5FD81E2CA02400E0E2D5 /* ambisonicDef.h */ = {isa = PBXFileReference; fileEncoding = 4; lastKnownFileType = sourcecode.c.h; path = ambisonicDef.h; sourceTree = "<group>"; };
		88CC5FDA1E2CA02400E0E2D5 /* h1v1fromobject.cpp */ = {isa = PBXFileReference; fileEncoding = 4; lastKnownFileType = sourcecode.cpp.cpp; path = h1v1fromobject.cpp; sourceTree = "<group>"; };
		88CC5FDB1E2CA02400E0E2D5 /* h1v1fromobject.h */ = {isa = PBXFileReference; fileEncoding = 4; lastKnownFileType = sourcecode.c.h; path = h1v1fromobject.h; sourceTree = "<group>"; };
		88CC5FDC1E2CA02400E0E2D5 /* h1v1fromwyzx.cpp */ = {isa = PBXFileReference; fileEncoding = 4; lastKnownFileType = sourcecode.cpp.cpp; path = h1v1fromwyzx.cpp; sourceTree = "<group>"; };
		88CC5FDD1E2CA02400E0E2D5 /* h1v1fromwyzx.h */ = {isa = PBXFileReference; fileEncoding = 4; lastKnownFileType = sourcecode.c.h; path = h1v1fromwyzx.h; sourceTree = "<group>"; };
		88CC5FDE1E2CA02400E0E2D5 /* hxvxfromxxxx.cpp */ = {isa = PBXFileReference; fileEncoding = 4; lastKnownFileType = sourcecode.cpp.cpp; path = hxvxfromxxxx.cpp; sourceTree = "<group>"; };
		88CC5FDF1E2CA02400E0E2D5 /* hxvxfromxxxx.h */ = {isa = PBXFileReference; fileEncoding = 4; lastKnownFileType = sourcecode.c.h; path = hxvxfromxxxx.h; sourceTree = "<group>"; };
		88CC5FE11E2CA02400E0E2D5 /* ans.cpp */ = {isa = PBXFileReference; fileEncoding = 4; lastKnownFileType = sourcecode.cpp.cpp; path = ans.cpp; sourceTree = "<group>"; };
		88CC5FE21E2CA02400E0E2D5 /* ans.h */ = {isa = PBXFileReference; fileEncoding = 4; lastKnownFileType = sourcecode.c.h; path = ans.h; sourceTree = "<group>"; };
		88CC5FE31E2CA02400E0E2D5 /* beamforming.cpp */ = {isa = PBXFileReference; fileEncoding = 4; lastKnownFileType = sourcecode.cpp.cpp; path = beamforming.cpp; sourceTree = "<group>"; };
		88CC5FE41E2CA02400E0E2D5 /* beamforming.h */ = {isa = PBXFileReference; fileEncoding = 4; lastKnownFileType = sourcecode.c.h; path = beamforming.h; sourceTree = "<group>"; };
		88CC5FE61E2CA02400E0E2D5 /* CaptureApi.cpp */ = {isa = PBXFileReference; fileEncoding = 4; lastKnownFileType = sourcecode.cpp.cpp; path = CaptureApi.cpp; sourceTree = "<group>"; };
		88CC5FE71E2CA02400E0E2D5 /* CaptureApi.h */ = {isa = PBXFileReference; fileEncoding = 4; lastKnownFileType = sourcecode.c.h; path = CaptureApi.h; sourceTree = "<group>"; };
		88CC5FE91E2CA02400E0E2D5 /* binaural.cpp */ = {isa = PBXFileReference; fileEncoding = 4; lastKnownFileType = sourcecode.cpp.cpp; path = binaural.cpp; sourceTree = "<group>"; };
		88CC5FEA1E2CA02400E0E2D5 /* binaural.h */ = {isa = PBXFileReference; fileEncoding = 4; lastKnownFileType = sourcecode.c.h; path = binaural.h; sourceTree = "<group>"; };
		88CC5FEC1E2CA02400E0E2D5 /* core.cpp */ = {isa = PBXFileReference; fileEncoding = 4; lastKnownFileType = sourcecode.cpp.cpp; path = core.cpp; sourceTree = "<group>"; };
		88CC5FED1E2CA02400E0E2D5 /* core.h */ = {isa = PBXFileReference; fileEncoding = 4; lastKnownFileType = sourcecode.c.h; path = core.h; sourceTree = "<group>"; };
		88CC5FEE1E2CA02400E0E2D5 /* def.h */ = {isa = PBXFileReference; fileEncoding = 4; lastKnownFileType = sourcecode.c.h; path = def.h; sourceTree = "<group>"; };
		88CC5FF01E2CA02400E0E2D5 /* Doa.cpp */ = {isa = PBXFileReference; fileEncoding = 4; lastKnownFileType = sourcecode.cpp.cpp; path = Doa.cpp; sourceTree = "<group>"; };
		88CC5FF11E2CA02400E0E2D5 /* Doa.h */ = {isa = PBXFileReference; fileEncoding = 4; lastKnownFileType = sourcecode.c.h; path = Doa.h; sourceTree = "<group>"; };
		88CC5FF21E2CA02400E0E2D5 /* ssyev.cpp */ = {isa = PBXFileReference; fileEncoding = 4; lastKnownFileType = sourcecode.cpp.cpp; path = ssyev.cpp; sourceTree = "<group>"; };
		88CC5FF31E2CA02400E0E2D5 /* ssyev.h */ = {isa = PBXFileReference; fileEncoding = 4; lastKnownFileType = sourcecode.c.h; path = ssyev.h; sourceTree = "<group>"; };
		88CC5FF51E2CA02400E0E2D5 /* dynamicRangeControl.cpp */ = {isa = PBXFileReference; fileEncoding = 4; lastKnownFileType = sourcecode.cpp.cpp; path = dynamicRangeControl.cpp; sourceTree = "<group>"; };
		88CC5FF61E2CA02400E0E2D5 /* dynamicRangeControl.h */ = {isa = PBXFileReference; fileEncoding = 4; lastKnownFileType = sourcecode.c.h; path = dynamicRangeControl.h; sourceTree = "<group>"; };
		88CC5FF81E2CA02400E0E2D5 /* equalizer.cpp */ = {isa = PBXFileReference; fileEncoding = 4; lastKnownFileType = sourcecode.cpp.cpp; path = equalizer.cpp; sourceTree = "<group>"; };
		88CC5FF91E2CA02400E0E2D5 /* equalizer.h */ = {isa = PBXFileReference; fileEncoding = 4; lastKnownFileType = sourcecode.c.h; path = equalizer.h; sourceTree = "<group>"; };
		88CC5FFB1E2CA02400E0E2D5 /* realFFT.cpp */ = {isa = PBXFileReference; fileEncoding = 4; lastKnownFileType = sourcecode.cpp.cpp; path = realFFT.cpp; sourceTree = "<group>"; };
		88CC5FFC1E2CA02400E0E2D5 /* realFFT.h */ = {isa = PBXFileReference; fileEncoding = 4; lastKnownFileType = sourcecode.c.h; path = realFFT.h; sourceTree = "<group>"; };
		88CC5FFE1E2CA02400E0E2D5 /* resample.cpp */ = {isa = PBXFileReference; fileEncoding = 4; lastKnownFileType = sourcecode.cpp.cpp; path = resample.cpp; sourceTree = "<group>"; };
		88CC5FFF1E2CA02400E0E2D5 /* resample.h */ = {isa = PBXFileReference; fileEncoding = 4; lastKnownFileType = sourcecode.c.h; path = resample.h; sourceTree = "<group>"; };
		88CC60011E2CA02400E0E2D5 /* sn3d.cpp */ = {isa = PBXFileReference; fileEncoding = 4; lastKnownFileType = sourcecode.cpp.cpp; path = sn3d.cpp; sourceTree = "<group>"; };
		88CC60021E2CA02400E0E2D5 /* sn3d.h */ = {isa = PBXFileReference; fileEncoding = 4; lastKnownFileType = sourcecode.c.h; path = sn3d.h; sourceTree = "<group>"; };
		88CC60041E2CA02400E0E2D5 /* upmix51.cpp */ = {isa = PBXFileReference; fileEncoding = 4; lastKnownFileType = sourcecode.cpp.cpp; path = upmix51.cpp; sourceTree = "<group>"; };
		88CC60051E2CA02400E0E2D5 /* upmix51.h */ = {isa = PBXFileReference; fileEncoding = 4; lastKnownFileType = sourcecode.c.h; path = upmix51.h; sourceTree = "<group>"; };
		88CC60071E2CA02400E0E2D5 /* cond.h */ = {isa = PBXFileReference; fileEncoding = 4; lastKnownFileType = sourcecode.c.h; path = cond.h; sourceTree = "<group>"; };
		AA1D73571DC1C90000082AAE /* libTwirlingAudioEngine.dylib */ = {isa = PBXFileReference; explicitFileType = "compiled.mach-o.dylib"; includeInIndex = 0; name = libTwirlingAudioEngine.dylib; path = /Users/wangyu/Desktop/TwirlingCaptureSDK/trunk/project/mac/TwirlingAudioEngineShared/build/Release/libTwirlingAudioEngine.dylib; sourceTree = "<absolute>"; };
/* End PBXFileReference section */

/* Begin PBXFrameworksBuildPhase section */
		AA1D73541DC1C90000082AAE /* Frameworks */ = {
			isa = PBXFrameworksBuildPhase;
			buildActionMask = 2147483647;
			files = (
			);
			runOnlyForDeploymentPostprocessing = 0;
		};
/* End PBXFrameworksBuildPhase section */

/* Begin PBXGroup section */
		88CC5FD41E2CA02400E0E2D5 /* ambisonic */ = {
			isa = PBXGroup;
			children = (
				88CC5FD51E2CA02400E0E2D5 /* ambisonic.cpp */,
				88CC5FD61E2CA02400E0E2D5 /* ambisonic.h */,
				88CC5FD71E2CA02400E0E2D5 /* ambisonicData.h */,
				88CC5FD81E2CA02400E0E2D5 /* ambisonicDef.h */,
				88CC5FD91E2CA02400E0E2D5 /* hxvxfromxxxx */,
			);
			name = ambisonic;
			path = ../../../src/ambisonic;
			sourceTree = "<group>";
		};
		88CC5FD91E2CA02400E0E2D5 /* hxvxfromxxxx */ = {
			isa = PBXGroup;
			children = (
				88CC5FDA1E2CA02400E0E2D5 /* h1v1fromobject.cpp */,
				88CC5FDB1E2CA02400E0E2D5 /* h1v1fromobject.h */,
				88CC5FDC1E2CA02400E0E2D5 /* h1v1fromwyzx.cpp */,
				88CC5FDD1E2CA02400E0E2D5 /* h1v1fromwyzx.h */,
				88CC5FDE1E2CA02400E0E2D5 /* hxvxfromxxxx.cpp */,
				88CC5FDF1E2CA02400E0E2D5 /* hxvxfromxxxx.h */,
			);
			path = hxvxfromxxxx;
			sourceTree = "<group>";
		};
		88CC5FE01E2CA02400E0E2D5 /* ans */ = {
			isa = PBXGroup;
			children = (
				88CC5FE11E2CA02400E0E2D5 /* ans.cpp */,
				88CC5FE21E2CA02400E0E2D5 /* ans.h */,
				88CC5FE31E2CA02400E0E2D5 /* beamforming.cpp */,
				88CC5FE41E2CA02400E0E2D5 /* beamforming.h */,
			);
			name = ans;
			path = ../../../src/ans;
			sourceTree = "<group>";
		};
		88CC5FE51E2CA02400E0E2D5 /* api */ = {
			isa = PBXGroup;
			children = (
				88CC5FE61E2CA02400E0E2D5 /* CaptureApi.cpp */,
				88CC5FE71E2CA02400E0E2D5 /* CaptureApi.h */,
			);
			name = api;
			path = ../../../src/api;
			sourceTree = "<group>";
		};
		88CC5FE81E2CA02400E0E2D5 /* binaural */ = {
			isa = PBXGroup;
			children = (
				88CC5FE91E2CA02400E0E2D5 /* binaural.cpp */,
				88CC5FEA1E2CA02400E0E2D5 /* binaural.h */,
			);
			name = binaural;
			path = ../../../src/binaural;
			sourceTree = "<group>";
		};
		88CC5FEB1E2CA02400E0E2D5 /* core */ = {
			isa = PBXGroup;
			children = (
				88CC5FEC1E2CA02400E0E2D5 /* core.cpp */,
				88CC5FED1E2CA02400E0E2D5 /* core.h */,
				88CC5FEE1E2CA02400E0E2D5 /* def.h */,
			);
			name = core;
			path = ../../../src/core;
			sourceTree = "<group>";
		};
		88CC5FEF1E2CA02400E0E2D5 /* doa */ = {
			isa = PBXGroup;
			children = (
				88CC5FF01E2CA02400E0E2D5 /* Doa.cpp */,
				88CC5FF11E2CA02400E0E2D5 /* Doa.h */,
				88CC5FF21E2CA02400E0E2D5 /* ssyev.cpp */,
				88CC5FF31E2CA02400E0E2D5 /* ssyev.h */,
			);
			name = doa;
			path = ../../../src/doa;
			sourceTree = "<group>";
		};
		88CC5FF41E2CA02400E0E2D5 /* dynamicrangecontrol */ = {
			isa = PBXGroup;
			children = (
				88CC5FF51E2CA02400E0E2D5 /* dynamicRangeControl.cpp */,
				88CC5FF61E2CA02400E0E2D5 /* dynamicRangeControl.h */,
			);
			name = dynamicrangecontrol;
			path = ../../../src/dynamicrangecontrol;
			sourceTree = "<group>";
		};
		88CC5FF71E2CA02400E0E2D5 /* equalizer */ = {
			isa = PBXGroup;
			children = (
				88CC5FF81E2CA02400E0E2D5 /* equalizer.cpp */,
				88CC5FF91E2CA02400E0E2D5 /* equalizer.h */,
			);
			name = equalizer;
			path = ../../../src/equalizer;
			sourceTree = "<group>";
		};
		88CC5FFA1E2CA02400E0E2D5 /* fft */ = {
			isa = PBXGroup;
			children = (
				88CC5FFB1E2CA02400E0E2D5 /* realFFT.cpp */,
				88CC5FFC1E2CA02400E0E2D5 /* realFFT.h */,
			);
			name = fft;
			path = ../../../src/fft;
			sourceTree = "<group>";
		};
		88CC5FFD1E2CA02400E0E2D5 /* resample */ = {
			isa = PBXGroup;
			children = (
				88CC5FFE1E2CA02400E0E2D5 /* resample.cpp */,
				88CC5FFF1E2CA02400E0E2D5 /* resample.h */,
			);
			name = resample;
			path = ../../../src/resample;
			sourceTree = "<group>";
		};
		88CC60001E2CA02400E0E2D5 /* sn3d */ = {
			isa = PBXGroup;
			children = (
				88CC60011E2CA02400E0E2D5 /* sn3d.cpp */,
				88CC60021E2CA02400E0E2D5 /* sn3d.h */,
			);
			name = sn3d;
			path = ../../../src/sn3d;
			sourceTree = "<group>";
		};
		88CC60031E2CA02400E0E2D5 /* upmix51 */ = {
			isa = PBXGroup;
			children = (
				88CC60041E2CA02400E0E2D5 /* upmix51.cpp */,
				88CC60051E2CA02400E0E2D5 /* upmix51.h */,
			);
			name = upmix51;
			path = ../../../src/upmix51;
			sourceTree = "<group>";
		};
		88CC60061E2CA02400E0E2D5 /* utils */ = {
			isa = PBXGroup;
			children = (
				88CC60071E2CA02400E0E2D5 /* cond.h */,
			);
			name = utils;
			path = ../../../src/utils;
			sourceTree = "<group>";
		};
		AA1D734E1DC1C90000082AAE = {
			isa = PBXGroup;
			children = (
				AA1D73591DC1C90000082AAE /* TwirlingAudioEngine */,
			);
			sourceTree = "<group>";
		};
		AA1D73591DC1C90000082AAE /* TwirlingAudioEngine */ = {
			isa = PBXGroup;
			children = (
				88CC5FD41E2CA02400E0E2D5 /* ambisonic */,
				88CC5FE01E2CA02400E0E2D5 /* ans */,
				88CC5FE51E2CA02400E0E2D5 /* api */,
				88CC5FE81E2CA02400E0E2D5 /* binaural */,
				88CC5FEB1E2CA02400E0E2D5 /* core */,
				88CC5FEF1E2CA02400E0E2D5 /* doa */,
				88CC5FF41E2CA02400E0E2D5 /* dynamicrangecontrol */,
				88CC5FF71E2CA02400E0E2D5 /* equalizer */,
				88CC5FFA1E2CA02400E0E2D5 /* fft */,
				88CC5FFD1E2CA02400E0E2D5 /* resample */,
				88CC60001E2CA02400E0E2D5 /* sn3d */,
				88CC60031E2CA02400E0E2D5 /* upmix51 */,
				88CC60061E2CA02400E0E2D5 /* utils */,
			);
			path = TwirlingAudioEngine;
			sourceTree = "<group>";
		};
/* End PBXGroup section */

/* Begin PBXHeadersBuildPhase section */
		AA1D73551DC1C90000082AAE /* Headers */ = {
			isa = PBXHeadersBuildPhase;
			buildActionMask = 2147483647;
			files = (
				88CC600A1E2CA02400E0E2D5 /* ambisonicData.h in Headers */,
				88CC601B1E2CA02400E0E2D5 /* core.h in Headers */,
				88CC60221E2CA02400E0E2D5 /* dynamicRangeControl.h in Headers */,
				88CC60241E2CA02400E0E2D5 /* equalizer.h in Headers */,
				88CC602C1E2CA02400E0E2D5 /* upmix51.h in Headers */,
				88CC600D1E2CA02400E0E2D5 /* h1v1fromobject.h in Headers */,
				88CC602D1E2CA02400E0E2D5 /* cond.h in Headers */,
				88CC60151E2CA02400E0E2D5 /* beamforming.h in Headers */,
				88CC601E1E2CA02400E0E2D5 /* Doa.h in Headers */,
				88CC60111E2CA02400E0E2D5 /* hxvxfromxxxx.h in Headers */,
				88CC60171E2CA02400E0E2D5 /* CaptureApi.h in Headers */,
				88CC60281E2CA02400E0E2D5 /* resample.h in Headers */,
				88CC60201E2CA02400E0E2D5 /* ssyev.h in Headers */,
				88CC601C1E2CA02400E0E2D5 /* def.h in Headers */,
				88CC60261E2CA02400E0E2D5 /* realFFT.h in Headers */,
				88CC60131E2CA02400E0E2D5 /* ans.h in Headers */,
				88CC600F1E2CA02400E0E2D5 /* h1v1fromwyzx.h in Headers */,
				88CC60091E2CA02400E0E2D5 /* ambisonic.h in Headers */,
				88CC602A1E2CA02400E0E2D5 /* sn3d.h in Headers */,
				88CC60191E2CA02400E0E2D5 /* binaural.h in Headers */,
				88CC600B1E2CA02400E0E2D5 /* ambisonicDef.h in Headers */,
			);
			runOnlyForDeploymentPostprocessing = 0;
		};
/* End PBXHeadersBuildPhase section */

/* Begin PBXNativeTarget section */
		AA1D73561DC1C90000082AAE /* TwirlingAudioEngine */ = {
			isa = PBXNativeTarget;
			buildConfigurationList = AA1D73601DC1C90000082AAE /* Build configuration list for PBXNativeTarget "TwirlingAudioEngine" */;
			buildPhases = (
				AA1D73531DC1C90000082AAE /* Sources */,
				AA1D73541DC1C90000082AAE /* Frameworks */,
				AA1D73551DC1C90000082AAE /* Headers */,
			);
			buildRules = (
			);
			dependencies = (
			);
			name = TwirlingAudioEngine;
			productName = TwirlingAudioEngine;
			productReference = AA1D73571DC1C90000082AAE /* libTwirlingAudioEngine.dylib */;
			productType = "com.apple.product-type.library.dynamic";
		};
/* End PBXNativeTarget section */

/* Begin PBXProject section */
		AA1D734F1DC1C90000082AAE /* Project object */ = {
			isa = PBXProject;
			attributes = {
				LastUpgradeCheck = 0800;
				ORGANIZATIONNAME = Twirling;
				TargetAttributes = {
					AA1D73561DC1C90000082AAE = {
						CreatedOnToolsVersion = 8.0;
						DevelopmentTeam = L7TW7CJX23;
						ProvisioningStyle = Automatic;
					};
				};
			};
			buildConfigurationList = AA1D73521DC1C90000082AAE /* Build configuration list for PBXProject "TwirlingAudioEngine" */;
			compatibilityVersion = "Xcode 3.2";
			developmentRegion = English;
			hasScannedForEncodings = 0;
			knownRegions = (
				en,
			);
			mainGroup = AA1D734E1DC1C90000082AAE;
			productRefGroup = AA1D734E1DC1C90000082AAE;
			projectDirPath = "";
			projectRoot = "";
			targets = (
				AA1D73561DC1C90000082AAE /* TwirlingAudioEngine */,
			);
		};
/* End PBXProject section */

/* Begin PBXSourcesBuildPhase section */
		AA1D73531DC1C90000082AAE /* Sources */ = {
			isa = PBXSourcesBuildPhase;
			buildActionMask = 2147483647;
			files = (
				88CC601F1E2CA02400E0E2D5 /* ssyev.cpp in Sources */,
				88CC60291E2CA02400E0E2D5 /* sn3d.cpp in Sources */,
				88CC600E1E2CA02400E0E2D5 /* h1v1fromwyzx.cpp in Sources */,
				88CC600C1E2CA02400E0E2D5 /* h1v1fromobject.cpp in Sources */,
				88CC601A1E2CA02400E0E2D5 /* core.cpp in Sources */,
				88CC60251E2CA02400E0E2D5 /* realFFT.cpp in Sources */,
				88CC60121E2CA02400E0E2D5 /* ans.cpp in Sources */,
				88CC601D1E2CA02400E0E2D5 /* Doa.cpp in Sources */,
				88CC60181E2CA02400E0E2D5 /* binaural.cpp in Sources */,
				88CC60081E2CA02400E0E2D5 /* ambisonic.cpp in Sources */,
				88CC60101E2CA02400E0E2D5 /* hxvxfromxxxx.cpp in Sources */,
				88CC60161E2CA02400E0E2D5 /* CaptureApi.cpp in Sources */,
				88CC60231E2CA02400E0E2D5 /* equalizer.cpp in Sources */,
				88CC60141E2CA02400E0E2D5 /* beamforming.cpp in Sources */,
				88CC60271E2CA02400E0E2D5 /* resample.cpp in Sources */,
				88CC60211E2CA02400E0E2D5 /* dynamicRangeControl.cpp in Sources */,
				88CC602B1E2CA02400E0E2D5 /* upmix51.cpp in Sources */,
			);
			runOnlyForDeploymentPostprocessing = 0;
		};
/* End PBXSourcesBuildPhase section */

/* Begin XCBuildConfiguration section */
		AA1D735E1DC1C90000082AAE /* Debug */ = {
			isa = XCBuildConfiguration;
			buildSettings = {
				ALWAYS_SEARCH_USER_PATHS = NO;
				CLANG_ANALYZER_NONNULL = YES;
				CLANG_CXX_LANGUAGE_STANDARD = "gnu++0x";
				CLANG_CXX_LIBRARY = "libc++";
				CLANG_ENABLE_MODULES = YES;
				CLANG_ENABLE_OBJC_ARC = YES;
				CLANG_WARN_BOOL_CONVERSION = YES;
				CLANG_WARN_CONSTANT_CONVERSION = YES;
				CLANG_WARN_DIRECT_OBJC_ISA_USAGE = YES_ERROR;
				CLANG_WARN_DOCUMENTATION_COMMENTS = YES;
				CLANG_WARN_EMPTY_BODY = YES;
				CLANG_WARN_ENUM_CONVERSION = YES;
				CLANG_WARN_INFINITE_RECURSION = YES;
				CLANG_WARN_INT_CONVERSION = YES;
				CLANG_WARN_OBJC_ROOT_CLASS = YES_ERROR;
				CLANG_WARN_SUSPICIOUS_MOVES = YES;
				CLANG_WARN_UNREACHABLE_CODE = YES;
				CLANG_WARN__DUPLICATE_METHOD_MATCH = YES;
				CODE_SIGN_IDENTITY = "-";
				COPY_PHASE_STRIP = NO;
				DEBUG_INFORMATION_FORMAT = dwarf;
				ENABLE_STRICT_OBJC_MSGSEND = YES;
				ENABLE_TESTABILITY = YES;
				GCC_C_LANGUAGE_STANDARD = gnu99;
				GCC_DYNAMIC_NO_PIC = NO;
				GCC_NO_COMMON_BLOCKS = YES;
				GCC_OPTIMIZATION_LEVEL = 0;
				GCC_PREPROCESSOR_DEFINITIONS = (
					"DEBUG=1",
					"$(inherited)",
				);
				GCC_WARN_64_TO_32_BIT_CONVERSION = YES;
				GCC_WARN_ABOUT_RETURN_TYPE = YES_ERROR;
				GCC_WARN_UNDECLARED_SELECTOR = YES;
				GCC_WARN_UNINITIALIZED_AUTOS = YES_AGGRESSIVE;
				GCC_WARN_UNUSED_FUNCTION = YES;
				GCC_WARN_UNUSED_VARIABLE = YES;
				MACOSX_DEPLOYMENT_TARGET = 10.7;
				MTL_ENABLE_DEBUG_INFO = YES;
				ONLY_ACTIVE_ARCH = YES;
				SDKROOT = macosx;
			};
			name = Debug;
		};
		AA1D735F1DC1C90000082AAE /* Release */ = {
			isa = XCBuildConfiguration;
			buildSettings = {
				ALWAYS_SEARCH_USER_PATHS = NO;
				CLANG_ANALYZER_NONNULL = YES;
				CLANG_CXX_LANGUAGE_STANDARD = "gnu++0x";
				CLANG_CXX_LIBRARY = "libc++";
				CLANG_ENABLE_MODULES = YES;
				CLANG_ENABLE_OBJC_ARC = YES;
				CLANG_WARN_BOOL_CONVERSION = YES;
				CLANG_WARN_CONSTANT_CONVERSION = YES;
				CLANG_WARN_DIRECT_OBJC_ISA_USAGE = YES_ERROR;
				CLANG_WARN_DOCUMENTATION_COMMENTS = YES;
				CLANG_WARN_EMPTY_BODY = YES;
				CLANG_WARN_ENUM_CONVERSION = YES;
				CLANG_WARN_INFINITE_RECURSION = YES;
				CLANG_WARN_INT_CONVERSION = YES;
				CLANG_WARN_OBJC_ROOT_CLASS = YES_ERROR;
				CLANG_WARN_SUSPICIOUS_MOVES = YES;
				CLANG_WARN_UNREACHABLE_CODE = YES;
				CLANG_WARN__DUPLICATE_METHOD_MATCH = YES;
				CODE_SIGN_IDENTITY = "-";
				COPY_PHASE_STRIP = NO;
				DEBUG_INFORMATION_FORMAT = "dwarf-with-dsym";
				ENABLE_NS_ASSERTIONS = NO;
				ENABLE_STRICT_OBJC_MSGSEND = YES;
				GCC_C_LANGUAGE_STANDARD = gnu99;
				GCC_NO_COMMON_BLOCKS = YES;
				GCC_WARN_64_TO_32_BIT_CONVERSION = YES;
				GCC_WARN_ABOUT_RETURN_TYPE = YES_ERROR;
				GCC_WARN_UNDECLARED_SELECTOR = YES;
				GCC_WARN_UNINITIALIZED_AUTOS = YES_AGGRESSIVE;
				GCC_WARN_UNUSED_FUNCTION = YES;
				GCC_WARN_UNUSED_VARIABLE = YES;
				MACOSX_DEPLOYMENT_TARGET = 10.7;
				MTL_ENABLE_DEBUG_INFO = NO;
				SDKROOT = macosx;
			};
			name = Release;
		};
		AA1D73611DC1C90000082AAE /* Debug */ = {
			isa = XCBuildConfiguration;
			buildSettings = {
				DEVELOPMENT_TEAM = L7TW7CJX23;
				DYLIB_COMPATIBILITY_VERSION = 1;
				DYLIB_CURRENT_VERSION = 1;
				EXECUTABLE_PREFIX = lib;
				ONLY_ACTIVE_ARCH = NO;
				PRODUCT_NAME = "$(TARGET_NAME)";
			};
			name = Debug;
		};
		AA1D73621DC1C90000082AAE /* Release */ = {
			isa = XCBuildConfiguration;
			buildSettings = {
				DEVELOPMENT_TEAM = L7TW7CJX23;
				DYLIB_COMPATIBILITY_VERSION = 1;
				DYLIB_CURRENT_VERSION = 1;
				EXECUTABLE_PREFIX = lib;
				PRODUCT_NAME = "$(TARGET_NAME)";
			};
			name = Release;
		};
/* End XCBuildConfiguration section */

/* Begin XCConfigurationList section */
		AA1D73521DC1C90000082AAE /* Build configuration list for PBXProject "TwirlingAudioEngine" */ = {
			isa = XCConfigurationList;
			buildConfigurations = (
				AA1D735E1DC1C90000082AAE /* Debug */,
				AA1D735F1DC1C90000082AAE /* Release */,
			);
			defaultConfigurationIsVisible = 0;
			defaultConfigurationName = Release;
		};
		AA1D73601DC1C90000082AAE /* Build configuration list for PBXNativeTarget "TwirlingAudioEngine" */ = {
			isa = XCConfigurationList;
			buildConfigurations = (
				AA1D73611DC1C90000082AAE /* Debug */,
				AA1D73621DC1C90000082AAE /* Release */,
			);
			defaultConfigurationIsVisible = 0;
			defaultConfigurationName = Release;
		};
/* End XCConfigurationList section */
	};
	rootObject = AA1D734F1DC1C90000082AAE /* Project object */;
}
